// !$*UTF8*$!
{
	archiveVersion = 1;
	classes = {
	};
	objectVersion = 48;
	objects = {

/* Begin PBXBuildFile section */
		0BBCEE862136471D00191BD2 /* AppDelegate.swift in Sources */ = {isa = PBXBuildFile; fileRef = 0BBCEE852136471D00191BD2 /* AppDelegate.swift */; };
		0BBCEE882136471D00191BD2 /* ViewController.swift in Sources */ = {isa = PBXBuildFile; fileRef = 0BBCEE872136471D00191BD2 /* ViewController.swift */; };
		0BBCEE8B2136471D00191BD2 /* Main.storyboard in Resources */ = {isa = PBXBuildFile; fileRef = 0BBCEE892136471D00191BD2 /* Main.storyboard */; };
		0BBCEE8D2136471D00191BD2 /* Assets.xcassets in Resources */ = {isa = PBXBuildFile; fileRef = 0BBCEE8C2136471D00191BD2 /* Assets.xcassets */; };
		0BBCEE902136471D00191BD2 /* LaunchScreen.storyboard in Resources */ = {isa = PBXBuildFile; fileRef = 0BBCEE8E2136471D00191BD2 /* LaunchScreen.storyboard */; };
		0BBCEE9B2136471D00191BD2 /* MovieNavTests.swift in Sources */ = {isa = PBXBuildFile; fileRef = 0BBCEE9A2136471D00191BD2 /* MovieNavTests.swift */; };
		0BBCEEA62136471E00191BD2 /* MovieNavUITests.swift in Sources */ = {isa = PBXBuildFile; fileRef = 0BBCEEA52136471E00191BD2 /* MovieNavUITests.swift */; };
/* End PBXBuildFile section */

/* Begin PBXContainerItemProxy section */
		0BBCEE972136471D00191BD2 /* PBXContainerItemProxy */ = {
			isa = PBXContainerItemProxy;
			containerPortal = 0BBCEE7A2136471D00191BD2 /* Project object */;
			proxyType = 1;
			remoteGlobalIDString = 0BBCEE812136471D00191BD2;
			remoteInfo = MovieNav;
		};
		0BBCEEA22136471E00191BD2 /* PBXContainerItemProxy */ = {
			isa = PBXContainerItemProxy;
			containerPortal = 0BBCEE7A2136471D00191BD2 /* Project object */;
			proxyType = 1;
			remoteGlobalIDString = 0BBCEE812136471D00191BD2;
			remoteInfo = MovieNav;
		};
/* End PBXContainerItemProxy section */

/* Begin PBXFileReference section */
		0BBCEE822136471D00191BD2 /* MovieNav.app */ = {isa = PBXFileReference; explicitFileType = wrapper.application; includeInIndex = 0; path = MovieNav.app; sourceTree = BUILT_PRODUCTS_DIR; };
		0BBCEE852136471D00191BD2 /* AppDelegate.swift */ = {isa = PBXFileReference; lastKnownFileType = sourcecode.swift; path = AppDelegate.swift; sourceTree = "<group>"; };
		0BBCEE872136471D00191BD2 /* ViewController.swift */ = {isa = PBXFileReference; lastKnownFileType = sourcecode.swift; path = ViewController.swift; sourceTree = "<group>"; };
		0BBCEE8A2136471D00191BD2 /* Base */ = {isa = PBXFileReference; lastKnownFileType = file.storyboard; name = Base; path = Base.lproj/Main.storyboard; sourceTree = "<group>"; };
		0BBCEE8C2136471D00191BD2 /* Assets.xcassets */ = {isa = PBXFileReference; lastKnownFileType = folder.assetcatalog; path = Assets.xcassets; sourceTree = "<group>"; };
		0BBCEE8F2136471D00191BD2 /* Base */ = {isa = PBXFileReference; lastKnownFileType = file.storyboard; name = Base; path = Base.lproj/LaunchScreen.storyboard; sourceTree = "<group>"; };
		0BBCEE912136471D00191BD2 /* Info.plist */ = {isa = PBXFileReference; lastKnownFileType = text.plist.xml; path = Info.plist; sourceTree = "<group>"; };
		0BBCEE962136471D00191BD2 /* MovieNavTests.xctest */ = {isa = PBXFileReference; explicitFileType = wrapper.cfbundle; includeInIndex = 0; path = MovieNavTests.xctest; sourceTree = BUILT_PRODUCTS_DIR; };
		0BBCEE9A2136471D00191BD2 /* MovieNavTests.swift */ = {isa = PBXFileReference; lastKnownFileType = sourcecode.swift; path = MovieNavTests.swift; sourceTree = "<group>"; };
		0BBCEE9C2136471D00191BD2 /* Info.plist */ = {isa = PBXFileReference; lastKnownFileType = text.plist.xml; path = Info.plist; sourceTree = "<group>"; };
		0BBCEEA12136471E00191BD2 /* MovieNavUITests.xctest */ = {isa = PBXFileReference; explicitFileType = wrapper.cfbundle; includeInIndex = 0; path = MovieNavUITests.xctest; sourceTree = BUILT_PRODUCTS_DIR; };
		0BBCEEA52136471E00191BD2 /* MovieNavUITests.swift */ = {isa = PBXFileReference; lastKnownFileType = sourcecode.swift; path = MovieNavUITests.swift; sourceTree = "<group>"; };
		0BBCEEA72136471E00191BD2 /* Info.plist */ = {isa = PBXFileReference; lastKnownFileType = text.plist.xml; path = Info.plist; sourceTree = "<group>"; };
/* End PBXFileReference section */

/* Begin PBXFrameworksBuildPhase section */
		0BBCEE7F2136471D00191BD2 /* Frameworks */ = {
			isa = PBXFrameworksBuildPhase;
			buildActionMask = 2147483647;
			files = (
			);
			runOnlyForDeploymentPostprocessing = 0;
		};
		0BBCEE932136471D00191BD2 /* Frameworks */ = {
			isa = PBXFrameworksBuildPhase;
			buildActionMask = 2147483647;
			files = (
			);
			runOnlyForDeploymentPostprocessing = 0;
		};
		0BBCEE9E2136471E00191BD2 /* Frameworks */ = {
			isa = PBXFrameworksBuildPhase;
			buildActionMask = 2147483647;
			files = (
			);
			runOnlyForDeploymentPostprocessing = 0;
		};
/* End PBXFrameworksBuildPhase section */

/* Begin PBXGroup section */
		0BBCEE792136471D00191BD2 = {
			isa = PBXGroup;
			children = (
				0BBCEE842136471D00191BD2 /* MovieNav */,
				0BBCEE992136471D00191BD2 /* MovieNavTests */,
				0BBCEEA42136471E00191BD2 /* MovieNavUITests */,
				0BBCEE832136471D00191BD2 /* Products */,
			);
			sourceTree = "<group>";
		};
		0BBCEE832136471D00191BD2 /* Products */ = {
			isa = PBXGroup;
			children = (
				0BBCEE822136471D00191BD2 /* MovieNav.app */,
				0BBCEE962136471D00191BD2 /* MovieNavTests.xctest */,
				0BBCEEA12136471E00191BD2 /* MovieNavUITests.xctest */,
			);
			name = Products;
			sourceTree = "<group>";
		};
		0BBCEE842136471D00191BD2 /* MovieNav */ = {
			isa = PBXGroup;
			children = (
				0BBCEE852136471D00191BD2 /* AppDelegate.swift */,
				0BBCEE872136471D00191BD2 /* ViewController.swift */,
				0BBCEE892136471D00191BD2 /* Main.storyboard */,
				0BBCEE8C2136471D00191BD2 /* Assets.xcassets */,
				0BBCEE8E2136471D00191BD2 /* LaunchScreen.storyboard */,
				0BBCEE912136471D00191BD2 /* Info.plist */,
			);
			path = MovieNav;
			sourceTree = "<group>";
		};
		0BBCEE992136471D00191BD2 /* MovieNavTests */ = {
			isa = PBXGroup;
			children = (
				0BBCEE9A2136471D00191BD2 /* MovieNavTests.swift */,
				0BBCEE9C2136471D00191BD2 /* Info.plist */,
			);
			path = MovieNavTests;
			sourceTree = "<group>";
		};
		0BBCEEA42136471E00191BD2 /* MovieNavUITests */ = {
			isa = PBXGroup;
			children = (
				0BBCEEA52136471E00191BD2 /* MovieNavUITests.swift */,
				0BBCEEA72136471E00191BD2 /* Info.plist */,
			);
			path = MovieNavUITests;
			sourceTree = "<group>";
		};
/* End PBXGroup section */

/* Begin PBXNativeTarget section */
		0BBCEE812136471D00191BD2 /* MovieNav */ = {
			isa = PBXNativeTarget;
			buildConfigurationList = 0BBCEEAA2136471E00191BD2 /* Build configuration list for PBXNativeTarget "MovieNav" */;
			buildPhases = (
				0BBCEE7E2136471D00191BD2 /* Sources */,
				0BBCEE7F2136471D00191BD2 /* Frameworks */,
				0BBCEE802136471D00191BD2 /* Resources */,
			);
			buildRules = (
			);
			dependencies = (
			);
			name = MovieNav;
			productName = MovieNav;
			productReference = 0BBCEE822136471D00191BD2 /* MovieNav.app */;
			productType = "com.apple.product-type.application";
		};
		0BBCEE952136471D00191BD2 /* MovieNavTests */ = {
			isa = PBXNativeTarget;
			buildConfigurationList = 0BBCEEAD2136471E00191BD2 /* Build configuration list for PBXNativeTarget "MovieNavTests" */;
			buildPhases = (
				0BBCEE922136471D00191BD2 /* Sources */,
				0BBCEE932136471D00191BD2 /* Frameworks */,
				0BBCEE942136471D00191BD2 /* Resources */,
			);
			buildRules = (
			);
			dependencies = (
				0BBCEE982136471D00191BD2 /* PBXTargetDependency */,
			);
			name = MovieNavTests;
			productName = MovieNavTests;
			productReference = 0BBCEE962136471D00191BD2 /* MovieNavTests.xctest */;
			productType = "com.apple.product-type.bundle.unit-test";
		};
		0BBCEEA02136471E00191BD2 /* MovieNavUITests */ = {
			isa = PBXNativeTarget;
			buildConfigurationList = 0BBCEEB02136471E00191BD2 /* Build configuration list for PBXNativeTarget "MovieNavUITests" */;
			buildPhases = (
				0BBCEE9D2136471E00191BD2 /* Sources */,
				0BBCEE9E2136471E00191BD2 /* Frameworks */,
				0BBCEE9F2136471E00191BD2 /* Resources */,
			);
			buildRules = (
			);
			dependencies = (
				0BBCEEA32136471E00191BD2 /* PBXTargetDependency */,
			);
			name = MovieNavUITests;
			productName = MovieNavUITests;
			productReference = 0BBCEEA12136471E00191BD2 /* MovieNavUITests.xctest */;
			productType = "com.apple.product-type.bundle.ui-testing";
		};
/* End PBXNativeTarget section */

/* Begin PBXProject section */
		0BBCEE7A2136471D00191BD2 /* Project object */ = {
			isa = PBXProject;
			attributes = {
				LastSwiftUpdateCheck = 0920;
				LastUpgradeCheck = 0920;
				ORGANIZATIONNAME = "Haojin Li";
				TargetAttributes = {
					0BBCEE812136471D00191BD2 = {
						CreatedOnToolsVersion = 9.2;
						ProvisioningStyle = Automatic;
					};
					0BBCEE952136471D00191BD2 = {
						CreatedOnToolsVersion = 9.2;
						ProvisioningStyle = Automatic;
						TestTargetID = 0BBCEE812136471D00191BD2;
					};
					0BBCEEA02136471E00191BD2 = {
						CreatedOnToolsVersion = 9.2;
						ProvisioningStyle = Automatic;
						TestTargetID = 0BBCEE812136471D00191BD2;
					};
				};
			};
			buildConfigurationList = 0BBCEE7D2136471D00191BD2 /* Build configuration list for PBXProject "MovieNav" */;
			compatibilityVersion = "Xcode 8.0";
			developmentRegion = en;
			hasScannedForEncodings = 0;
			knownRegions = (
				en,
				Base,
			);
			mainGroup = 0BBCEE792136471D00191BD2;
			productRefGroup = 0BBCEE832136471D00191BD2 /* Products */;
			projectDirPath = "";
			projectRoot = "";
			targets = (
				0BBCEE812136471D00191BD2 /* MovieNav */,
				0BBCEE952136471D00191BD2 /* MovieNavTests */,
				0BBCEEA02136471E00191BD2 /* MovieNavUITests */,
			);
		};
/* End PBXProject section */

/* Begin PBXResourcesBuildPhase section */
		0BBCEE802136471D00191BD2 /* Resources */ = {
			isa = PBXResourcesBuildPhase;
			buildActionMask = 2147483647;
			files = (
				0BBCEE902136471D00191BD2 /* LaunchScreen.storyboard in Resources */,
				0BBCEE8D2136471D00191BD2 /* Assets.xcassets in Resources */,
				0BBCEE8B2136471D00191BD2 /* Main.storyboard in Resources */,
			);
			runOnlyForDeploymentPostprocessing = 0;
		};
		0BBCEE942136471D00191BD2 /* Resources */ = {
			isa = PBXResourcesBuildPhase;
			buildActionMask = 2147483647;
			files = (
			);
			runOnlyForDeploymentPostprocessing = 0;
		};
		0BBCEE9F2136471E00191BD2 /* Resources */ = {
			isa = PBXResourcesBuildPhase;
			buildActionMask = 2147483647;
			files = (
			);
			runOnlyForDeploymentPostprocessing = 0;
		};
/* End PBXResourcesBuildPhase section */

/* Begin PBXSourcesBuildPhase section */
		0BBCEE7E2136471D00191BD2 /* Sources */ = {
			isa = PBXSourcesBuildPhase;
			buildActionMask = 2147483647;
			files = (
				0BBCEE882136471D00191BD2 /* ViewController.swift in Sources */,
				0BBCEE862136471D00191BD2 /* AppDelegate.swift in Sources */,
			);
			runOnlyForDeploymentPostprocessing = 0;
		};
		0BBCEE922136471D00191BD2 /* Sources */ = {
			isa = PBXSourcesBuildPhase;
			buildActionMask = 2147483647;
			files = (
				0BBCEE9B2136471D00191BD2 /* MovieNavTests.swift in Sources */,
			);
			runOnlyForDeploymentPostprocessing = 0;
		};
		0BBCEE9D2136471E00191BD2 /* Sources */ = {
			isa = PBXSourcesBuildPhase;
			buildActionMask = 2147483647;
			files = (
				0BBCEEA62136471E00191BD2 /* MovieNavUITests.swift in Sources */,
			);
			runOnlyForDeploymentPostprocessing = 0;
		};
/* End PBXSourcesBuildPhase section */

/* Begin PBXTargetDependency section */
		0BBCEE982136471D00191BD2 /* PBXTargetDependency */ = {
			isa = PBXTargetDependency;
			target = 0BBCEE812136471D00191BD2 /* MovieNav */;
			targetProxy = 0BBCEE972136471D00191BD2 /* PBXContainerItemProxy */;
		};
		0BBCEEA32136471E00191BD2 /* PBXTargetDependency */ = {
			isa = PBXTargetDependency;
			target = 0BBCEE812136471D00191BD2 /* MovieNav */;
			targetProxy = 0BBCEEA22136471E00191BD2 /* PBXContainerItemProxy */;
		};
/* End PBXTargetDependency section */

/* Begin PBXVariantGroup section */
		0BBCEE892136471D00191BD2 /* Main.storyboard */ = {
			isa = PBXVariantGroup;
			children = (
				0BBCEE8A2136471D00191BD2 /* Base */,
			);
			name = Main.storyboard;
			sourceTree = "<group>";
		};
		0BBCEE8E2136471D00191BD2 /* LaunchScreen.storyboard */ = {
			isa = PBXVariantGroup;
			children = (
				0BBCEE8F2136471D00191BD2 /* Base */,
			);
			name = LaunchScreen.storyboard;
			sourceTree = "<group>";
		};
/* End PBXVariantGroup section */

/* Begin XCBuildConfiguration section */
		0BBCEEA82136471E00191BD2 /* Debug */ = {
			isa = XCBuildConfiguration;
			buildSettings = {
				ALWAYS_SEARCH_USER_PATHS = NO;
				CLANG_ANALYZER_NONNULL = YES;
				CLANG_ANALYZER_NUMBER_OBJECT_CONVERSION = YES_AGGRESSIVE;
				CLANG_CXX_LANGUAGE_STANDARD = "gnu++14";
				CLANG_CXX_LIBRARY = "libc++";
				CLANG_ENABLE_MODULES = YES;
				CLANG_ENABLE_OBJC_ARC = YES;
				CLANG_WARN_BLOCK_CAPTURE_AUTORELEASING = YES;
				CLANG_WARN_BOOL_CONVERSION = YES;
				CLANG_WARN_COMMA = YES;
				CLANG_WARN_CONSTANT_CONVERSION = YES;
				CLANG_WARN_DIRECT_OBJC_ISA_USAGE = YES_ERROR;
				CLANG_WARN_DOCUMENTATION_COMMENTS = YES;
				CLANG_WARN_EMPTY_BODY = YES;
				CLANG_WARN_ENUM_CONVERSION = YES;
				CLANG_WARN_INFINITE_RECURSION = YES;
				CLANG_WARN_INT_CONVERSION = YES;
				CLANG_WARN_NON_LITERAL_NULL_CONVERSION = YES;
				CLANG_WARN_OBJC_LITERAL_CONVERSION = YES;
				CLANG_WARN_OBJC_ROOT_CLASS = YES_ERROR;
				CLANG_WARN_RANGE_LOOP_ANALYSIS = YES;
				CLANG_WARN_STRICT_PROTOTYPES = YES;
				CLANG_WARN_SUSPICIOUS_MOVE = YES;
				CLANG_WARN_UNGUARDED_AVAILABILITY = YES_AGGRESSIVE;
				CLANG_WARN_UNREACHABLE_CODE = YES;
				CLANG_WARN__DUPLICATE_METHOD_MATCH = YES;
				CODE_SIGN_IDENTITY = "iPhone Developer";
				COPY_PHASE_STRIP = NO;
				DEBUG_INFORMATION_FORMAT = dwarf;
				ENABLE_STRICT_OBJC_MSGSEND = YES;
				ENABLE_TESTABILITY = YES;
				GCC_C_LANGUAGE_STANDARD = gnu11;
				GCC_DYNAMIC_NO_PIC = NO;
				GCC_NO_COMMON_BLOCKS = YES;
				GCC_OPTIMIZATION_LEVEL = 0;
				GCC_PREPROCESSOR_DEFINITIONS = (
					"DEBUG=1",
					"$(inherited)",
				);
				GCC_WARN_64_TO_32_BIT_CONVERSION = YES;
				GCC_WARN_ABOUT_RETURN_TYPE = YES_ERROR;
				GCC_WARN_UNDECLARED_SELECTOR = YES;
				GCC_WARN_UNINITIALIZED_AUTOS = YES_AGGRESSIVE;
				GCC_WARN_UNUSED_FUNCTION = YES;
				GCC_WARN_UNUSED_VARIABLE = YES;
				IPHONEOS_DEPLOYMENT_TARGET = 11.2;
				MTL_ENABLE_DEBUG_INFO = YES;
				ONLY_ACTIVE_ARCH = YES;
				SDKROOT = iphoneos;
				SWIFT_ACTIVE_COMPILATION_CONDITIONS = DEBUG;
				SWIFT_OPTIMIZATION_LEVEL = "-Onone";
			};
			name = Debug;
		};
		0BBCEEA92136471E00191BD2 /* Release */ = {
			isa = XCBuildConfiguration;
			buildSettings = {
				ALWAYS_SEARCH_USER_PATHS = NO;
				CLANG_ANALYZER_NONNULL = YES;
				CLANG_ANALYZER_NUMBER_OBJECT_CONVERSION = YES_AGGRESSIVE;
				CLANG_CXX_LANGUAGE_STANDARD = "gnu++14";
				CLANG_CXX_LIBRARY = "libc++";
				CLANG_ENABLE_MODULES = YES;
				CLANG_ENABLE_OBJC_ARC = YES;
				CLANG_WARN_BLOCK_CAPTURE_AUTORELEASING = YES;
				CLANG_WARN_BOOL_CONVERSION = YES;
				CLANG_WARN_COMMA = YES;
				CLANG_WARN_CONSTANT_CONVERSION = YES;
				CLANG_WARN_DIRECT_OBJC_ISA_USAGE = YES_ERROR;
				CLANG_WARN_DOCUMENTATION_COMMENTS = YES;
				CLANG_WARN_EMPTY_BODY = YES;
				CLANG_WARN_ENUM_CONVERSION = YES;
				CLANG_WARN_INFINITE_RECURSION = YES;
				CLANG_WARN_INT_CONVERSION = YES;
				CLANG_WARN_NON_LITERAL_NULL_CONVERSION = YES;
				CLANG_WARN_OBJC_LITERAL_CONVERSION = YES;
				CLANG_WARN_OBJC_ROOT_CLASS = YES_ERROR;
				CLANG_WARN_RANGE_LOOP_ANALYSIS = YES;
				CLANG_WARN_STRICT_PROTOTYPES = YES;
				CLANG_WARN_SUSPICIOUS_MOVE = YES;
				CLANG_WARN_UNGUARDED_AVAILABILITY = YES_AGGRESSIVE;
				CLANG_WARN_UNREACHABLE_CODE = YES;
				CLANG_WARN__DUPLICATE_METHOD_MATCH = YES;
				CODE_SIGN_IDENTITY = "iPhone Developer";
				COPY_PHASE_STRIP = NO;
				DEBUG_INFORMATION_FORMAT = "dwarf-with-dsym";
				ENABLE_NS_ASSERTIONS = NO;
				ENABLE_STRICT_OBJC_MSGSEND = YES;
				GCC_C_LANGUAGE_STANDARD = gnu11;
				GCC_NO_COMMON_BLOCKS = YES;
				GCC_WARN_64_TO_32_BIT_CONVERSION = YES;
				GCC_WARN_ABOUT_RETURN_TYPE = YES_ERROR;
				GCC_WARN_UNDECLARED_SELECTOR = YES;
				GCC_WARN_UNINITIALIZED_AUTOS = YES_AGGRESSIVE;
				GCC_WARN_UNUSED_FUNCTION = YES;
				GCC_WARN_UNUSED_VARIABLE = YES;
				IPHONEOS_DEPLOYMENT_TARGET = 11.2;
				MTL_ENABLE_DEBUG_INFO = NO;
				SDKROOT = iphoneos;
				SWIFT_OPTIMIZATION_LEVEL = "-Owholemodule";
				VALIDATE_PRODUCT = YES;
			};
			name = Release;
		};
		0BBCEEAB2136471E00191BD2 /* Debug */ = {
			isa = XCBuildConfiguration;
			buildSettings = {
				ASSETCATALOG_COMPILER_APPICON_NAME = AppIcon;
				CODE_SIGN_STYLE = Automatic;
				DEVELOPMENT_TEAM = WKVM4JXTN3;
				INFOPLIST_FILE = MovieNav/Info.plist;
				LD_RUNPATH_SEARCH_PATHS = "$(inherited) @executable_path/Frameworks";
				PRODUCT_BUNDLE_IDENTIFIER = com.codepath.MovieNav;
				PRODUCT_NAME = "$(TARGET_NAME)";
				SWIFT_VERSION = 4.0;
				TARGETED_DEVICE_FAMILY = "1,2";
			};
			name = Debug;
		};
		0BBCEEAC2136471E00191BD2 /* Release */ = {
			isa = XCBuildConfiguration;
			buildSettings = {
				ASSETCATALOG_COMPILER_APPICON_NAME = AppIcon;
				CODE_SIGN_STYLE = Automatic;
				DEVELOPMENT_TEAM = WKVM4JXTN3;
				INFOPLIST_FILE = MovieNav/Info.plist;
				LD_RUNPATH_SEARCH_PATHS = "$(inherited) @executable_path/Frameworks";
				PRODUCT_BUNDLE_IDENTIFIER = com.codepath.MovieNav;
				PRODUCT_NAME = "$(TARGET_NAME)";
				SWIFT_VERSION = 4.0;
				TARGETED_DEVICE_FAMILY = "1,2";
			};
			name = Release;
		};
		0BBCEEAE2136471E00191BD2 /* Debug */ = {
			isa = XCBuildConfiguration;
			buildSettings = {
				ALWAYS_EMBED_SWIFT_STANDARD_LIBRARIES = YES;
				BUNDLE_LOADER = "$(TEST_HOST)";
				CODE_SIGN_STYLE = Automatic;
				DEVELOPMENT_TEAM = WKVM4JXTN3;
				INFOPLIST_FILE = MovieNavTests/Info.plist;
				LD_RUNPATH_SEARCH_PATHS = "$(inherited) @executable_path/Frameworks @loader_path/Frameworks";
				PRODUCT_BUNDLE_IDENTIFIER = com.codepath.MovieNavTests;
				PRODUCT_NAME = "$(TARGET_NAME)";
				SWIFT_VERSION = 4.0;
				TARGETED_DEVICE_FAMILY = "1,2";
				TEST_HOST = "$(BUILT_PRODUCTS_DIR)/MovieNav.app/MovieNav";
			};
			name = Debug;
		};
		0BBCEEAF2136471E00191BD2 /* Release */ = {
			isa = XCBuildConfiguration;
			buildSettings = {
				ALWAYS_EMBED_SWIFT_STANDARD_LIBRARIES = YES;
				BUNDLE_LOADER = "$(TEST_HOST)";
				CODE_SIGN_STYLE = Automatic;
				DEVELOPMENT_TEAM = WKVM4JXTN3;
				INFOPLIST_FILE = MovieNavTests/Info.plist;
				LD_RUNPATH_SEARCH_PATHS = "$(inherited) @executable_path/Frameworks @loader_path/Frameworks";
				PRODUCT_BUNDLE_IDENTIFIER = com.codepath.MovieNavTests;
				PRODUCT_NAME = "$(TARGET_NAME)";
				SWIFT_VERSION = 4.0;
				TARGETED_DEVICE_FAMILY = "1,2";
				TEST_HOST = "$(BUILT_PRODUCTS_DIR)/MovieNav.app/MovieNav";
			};
			name = Release;
		};
		0BBCEEB12136471E00191BD2 /* Debug */ = {
			isa = XCBuildConfiguration;
			buildSettings = {
				ALWAYS_EMBED_SWIFT_STANDARD_LIBRARIES = YES;
				CODE_SIGN_STYLE = Automatic;
				DEVELOPMENT_TEAM = WKVM4JXTN3;
				INFOPLIST_FILE = MovieNavUITests/Info.plist;
				LD_RUNPATH_SEARCH_PATHS = "$(inherited) @executable_path/Frameworks @loader_path/Frameworks";
				PRODUCT_BUNDLE_IDENTIFIER = com.codepath.MovieNavUITests;
				PRODUCT_NAME = "$(TARGET_NAME)";
				SWIFT_VERSION = 4.0;
				TARGETED_DEVICE_FAMILY = "1,2";
				TEST_TARGET_NAME = MovieNav;
			};
			name = Debug;
		};
		0BBCEEB22136471E00191BD2 /* Release */ = {
			isa = XCBuildConfiguration;
			buildSettings = {
				ALWAYS_EMBED_SWIFT_STANDARD_LIBRARIES = YES;
				CODE_SIGN_STYLE = Automatic;
				DEVELOPMENT_TEAM = WKVM4JXTN3;
				INFOPLIST_FILE = MovieNavUITests/Info.plist;
				LD_RUNPATH_SEARCH_PATHS = "$(inherited) @executable_path/Frameworks @loader_path/Frameworks";
				PRODUCT_BUNDLE_IDENTIFIER = com.codepath.MovieNavUITests;
				PRODUCT_NAME = "$(TARGET_NAME)";
				SWIFT_VERSION = 4.0;
				TARGETED_DEVICE_FAMILY = "1,2";
				TEST_TARGET_NAME = MovieNav;
			};
			name = Release;
		};
/* End XCBuildConfiguration section */

/* Begin XCConfigurationList section */
		0BBCEE7D2136471D00191BD2 /* Build configuration list for PBXProject "MovieNav" */ = {
			isa = XCConfigurationList;
			buildConfigurations = (
				0BBCEEA82136471E00191BD2 /* Debug */,
				0BBCEEA92136471E00191BD2 /* Release */,
			);
			defaultConfigurationIsVisible = 0;
			defaultConfigurationName = Release;
		};
		0BBCEEAA2136471E00191BD2 /* Build configuration list for PBXNativeTarget "MovieNav" */ = {
			isa = XCConfigurationList;
			buildConfigurations = (
				0BBCEEAB2136471E00191BD2 /* Debug */,
				0BBCEEAC2136471E00191BD2 /* Release */,
			);
			defaultConfigurationIsVisible = 0;
			defaultConfigurationName = Release;
		};
		0BBCEEAD2136471E00191BD2 /* Build configuration list for PBXNativeTarget "MovieNavTests" */ = {
			isa = XCConfigurationList;
			buildConfigurations = (
				0BBCEEAE2136471E00191BD2 /* Debug */,
				0BBCEEAF2136471E00191BD2 /* Release */,
			);
			defaultConfigurationIsVisible = 0;
			defaultConfigurationName = Release;
		};
		0BBCEEB02136471E00191BD2 /* Build configuration list for PBXNativeTarget "MovieNavUITests" */ = {
			isa = XCConfigurationList;
			buildConfigurations = (
				0BBCEEB12136471E00191BD2 /* Debug */,
				0BBCEEB22136471E00191BD2 /* Release */,
			);
			defaultConfigurationIsVisible = 0;
			defaultConfigurationName = Release;
		};
/* End XCConfigurationList section */
	};
	rootObject = 0BBCEE7A2136471D00191BD2 /* Project object */;
}
